
Microsoft Visual Studio Solution File, Format Version 12.00
# Visual Studio Version 17
VisualStudioVersion = 17.4.33213.308
MinimumVisualStudioVersion = 10.0.40219.1
Project("{9A19103F-16F7-4668-BE54-9A1E7A4F7556}") = "FormulaEvaluator", "FormulaEvaluator\FormulaEvaluator.csproj", "{A655A836-3EDC-4428-ADA3-FC76034B825E}"
EndProject
Project("{9A19103F-16F7-4668-BE54-9A1E7A4F7556}") = "FormulaEvaluatorTester", "FormulaEvaluatorTester\FormulaEvaluatorTester.csproj", "{BFD4B24A-96AA-4B91-8E78-B73B06A70249}"
EndProject
Project("{2150E333-8FDC-42A3-9474-1A3956D46DE8}") = "Solution Items", "Solution Items", "{9D0B518D-5418-470C-968D-98F0CD440043}"
	ProjectSection(SolutionItems) = preProject
		README.md = README.md
	EndProjectSection
EndProject
Project("{9A19103F-16F7-4668-BE54-9A1E7A4F7556}") = "DependencyGraph", "DependencyGraph\DependencyGraph.csproj", "{D0783128-93F5-4C13-9031-461CABADD5A4}"
EndProject
Project("{9A19103F-16F7-4668-BE54-9A1E7A4F7556}") = "DependencyGraphTests", "DependencyGraphTests\DependencyGraphTests.csproj", "{47C24650-AAED-47BA-8829-107DB3A2A56C}"
EndProject
Project("{9A19103F-16F7-4668-BE54-9A1E7A4F7556}") = "PS1GradingTests", "PS1GradingTests\PS1GradingTests.csproj", "{51157CFA-E1AC-4833-BBB7-E3AA90F1F91D}"
EndProject
Project("{9A19103F-16F7-4668-BE54-9A1E7A4F7556}") = "Formula", "Formula\Formula.csproj", "{A981A9AE-A819-41C6-BCC8-2A58003AA99D}"
EndProject
Project("{9A19103F-16F7-4668-BE54-9A1E7A4F7556}") = "PS2GradingTests", "PS2GradingTests\PS2GradingTests.csproj", "{6814DEC7-1946-419E-A500-94BF626F5E89}"
EndProject
Project("{FAE04EC0-301F-11D3-BF4B-00C04F79EFBC}") = "FormulaTests", "FormulaTests\FormulaTests.csproj", "{1DEFE8E2-ACA2-49E5-A864-CFA84F910E7C}"
EndProject
Global
	GlobalSection(SolutionConfigurationPlatforms) = preSolution
		Debug|Any CPU = Debug|Any CPU
		Release|Any CPU = Release|Any CPU
	EndGlobalSection
	GlobalSection(ProjectConfigurationPlatforms) = postSolution
		{A655A836-3EDC-4428-ADA3-FC76034B825E}.Debug|Any CPU.ActiveCfg = Debug|Any CPU
		{A655A836-3EDC-4428-ADA3-FC76034B825E}.Debug|Any CPU.Build.0 = Debug|Any CPU
		{A655A836-3EDC-4428-ADA3-FC76034B825E}.Release|Any CPU.ActiveCfg = Release|Any CPU
		{A655A836-3EDC-4428-ADA3-FC76034B825E}.Release|Any CPU.Build.0 = Release|Any CPU
		{BFD4B24A-96AA-4B91-8E78-B73B06A70249}.Debug|Any CPU.ActiveCfg = Debug|Any CPU
		{BFD4B24A-96AA-4B91-8E78-B73B06A70249}.Debug|Any CPU.Build.0 = Debug|Any CPU
		{BFD4B24A-96AA-4B91-8E78-B73B06A70249}.Release|Any CPU.ActiveCfg = Release|Any CPU
		{BFD4B24A-96AA-4B91-8E78-B73B06A70249}.Release|Any CPU.Build.0 = Release|Any CPU
		{D0783128-93F5-4C13-9031-461CABADD5A4}.Debug|Any CPU.ActiveCfg = Debug|Any CPU
		{D0783128-93F5-4C13-9031-461CABADD5A4}.Debug|Any CPU.Build.0 = Debug|Any CPU
		{D0783128-93F5-4C13-9031-461CABADD5A4}.Release|Any CPU.ActiveCfg = Release|Any CPU
		{D0783128-93F5-4C13-9031-461CABADD5A4}.Release|Any CPU.Build.0 = Release|Any CPU
		{47C24650-AAED-47BA-8829-107DB3A2A56C}.Debug|Any CPU.ActiveCfg = Debug|Any CPU
		{47C24650-AAED-47BA-8829-107DB3A2A56C}.Debug|Any CPU.Build.0 = Debug|Any CPU
		{47C24650-AAED-47BA-8829-107DB3A2A56C}.Release|Any CPU.ActiveCfg = Release|Any CPU
		{47C24650-AAED-47BA-8829-107DB3A2A56C}.Release|Any CPU.Build.0 = Release|Any CPU
		{51157CFA-E1AC-4833-BBB7-E3AA90F1F91D}.Debug|Any CPU.ActiveCfg = Debug|Any CPU
		{51157CFA-E1AC-4833-BBB7-E3AA90F1F91D}.Debug|Any CPU.Build.0 = Debug|Any CPU
		{51157CFA-E1AC-4833-BBB7-E3AA90F1F91D}.Release|Any CPU.ActiveCfg = Release|Any CPU
		{51157CFA-E1AC-4833-BBB7-E3AA90F1F91D}.Release|Any CPU.Build.0 = Release|Any CPU
		{A981A9AE-A819-41C6-BCC8-2A58003AA99D}.Debug|Any CPU.ActiveCfg = Debug|Any CPU
		{A981A9AE-A819-41C6-BCC8-2A58003AA99D}.Debug|Any CPU.Build.0 = Debug|Any CPU
		{A981A9AE-A819-41C6-BCC8-2A58003AA99D}.Release|Any CPU.ActiveCfg = Release|Any CPU
		{A981A9AE-A819-41C6-BCC8-2A58003AA99D}.Release|Any CPU.Build.0 = Release|Any CPU
		{6814DEC7-1946-419E-A500-94BF626F5E89}.Debug|Any CPU.ActiveCfg = Debug|Any CPU
		{6814DEC7-1946-419E-A500-94BF626F5E89}.Debug|Any CPU.Build.0 = Debug|Any CPU
		{6814DEC7-1946-419E-A500-94BF626F5E89}.Release|Any CPU.ActiveCfg = Release|Any CPU
		{6814DEC7-1946-419E-A500-94BF626F5E89}.Release|Any CPU.Build.0 = Release|Any CPU
		{1DEFE8E2-ACA2-49E5-A864-CFA84F910E7C}.Debug|Any CPU.ActiveCfg = Debug|Any CPU
		{1DEFE8E2-ACA2-49E5-A864-CFA84F910E7C}.Debug|Any CPU.Build.0 = Debug|Any CPU
		{1DEFE8E2-ACA2-49E5-A864-CFA84F910E7C}.Release|Any CPU.ActiveCfg = Release|Any CPU
		{1DEFE8E2-ACA2-49E5-A864-CFA84F910E7C}.Release|Any CPU.Build.0 = Release|Any CPU
	EndGlobalSection
	GlobalSection(SolutionProperties) = preSolution
		HideSolutionNode = FALSE
	EndGlobalSection
	GlobalSection(ExtensibilityGlobals) = postSolution
		SolutionGuid = {75F0FE84-F118-4D93-AFCD-070DD08CB17A}
	EndGlobalSection
EndGlobal
